
Microsoft Visual Studio Solution File, Format Version 12.00
# Visual Studio Version 16
VisualStudioVersion = 16.0.30406.217
MinimumVisualStudioVersion = 10.0.40219.1
Project("{9A19103F-16F7-4668-BE54-9A1E7A4F7556}") = "FateGrandOrderPOC", "FateGrandOrderPOC\FateGrandOrderPOC.csproj", "{6D774B8E-BC59-4651-ACB9-4D1DD4F164F4}"
EndProject
Project("{9A19103F-16F7-4668-BE54-9A1E7A4F7556}") = "FateGrandOrderPOC.Shared", "FateGrandOrderPOC.Shared\FateGrandOrderPOC.Shared.csproj", "{C4792564-EABD-4E8F-AC32-7192D1C64AC4}"
EndProject
Project("{FAE04EC0-301F-11D3-BF4B-00C04F79EFBC}") = "FateGrandOrderPOC.Test", "FateGrandOrderPOC.Test\FateGrandOrderPOC.Test.csproj", "{AF334469-78A6-428C-915F-5BD1E86E43D5}"
EndProject
Global
	GlobalSection(SolutionConfigurationPlatforms) = preSolution
		Debug|Any CPU = Debug|Any CPU
		Release|Any CPU = Release|Any CPU
	EndGlobalSection
	GlobalSection(ProjectConfigurationPlatforms) = postSolution
		{6D774B8E-BC59-4651-ACB9-4D1DD4F164F4}.Debug|Any CPU.ActiveCfg = Debug|Any CPU
		{6D774B8E-BC59-4651-ACB9-4D1DD4F164F4}.Debug|Any CPU.Build.0 = Debug|Any CPU
		{6D774B8E-BC59-4651-ACB9-4D1DD4F164F4}.Release|Any CPU.ActiveCfg = Release|Any CPU
		{6D774B8E-BC59-4651-ACB9-4D1DD4F164F4}.Release|Any CPU.Build.0 = Release|Any CPU
		{C4792564-EABD-4E8F-AC32-7192D1C64AC4}.Debug|Any CPU.ActiveCfg = Debug|Any CPU
		{C4792564-EABD-4E8F-AC32-7192D1C64AC4}.Debug|Any CPU.Build.0 = Debug|Any CPU
		{C4792564-EABD-4E8F-AC32-7192D1C64AC4}.Release|Any CPU.ActiveCfg = Release|Any CPU
		{C4792564-EABD-4E8F-AC32-7192D1C64AC4}.Release|Any CPU.Build.0 = Release|Any CPU
		{AF334469-78A6-428C-915F-5BD1E86E43D5}.Debug|Any CPU.ActiveCfg = Debug|Any CPU
		{AF334469-78A6-428C-915F-5BD1E86E43D5}.Debug|Any CPU.Build.0 = Debug|Any CPU
		{AF334469-78A6-428C-915F-5BD1E86E43D5}.Release|Any CPU.ActiveCfg = Release|Any CPU
		{AF334469-78A6-428C-915F-5BD1E86E43D5}.Release|Any CPU.Build.0 = Release|Any CPU
	EndGlobalSection
	GlobalSection(SolutionProperties) = preSolution
		HideSolutionNode = FALSE
	EndGlobalSection
	GlobalSection(ExtensibilityGlobals) = postSolution
		SolutionGuid = {281487C3-6291-4223-8460-6EBE3B2E3877}
	EndGlobalSection
EndGlobal
